{
    "_readme": [
        "This file locks the dependencies of your project to a known state",
        "Read more about it at https://getcomposer.org/doc/01-basic-usage.md#installing-dependencies",
        "This file is @generated automatically"
    ],
    "content-hash": "bed01fb0153621fc7ac96780f48bf645",
    "packages": [
        {
            "name": "cnxzcxy/demo-cxy",
            "version": "dev-master",
            "source": {
                "type": "git",
                "url": "https://github.com/cnxzcxy/demo-cxy.git",
                "reference": "8834ad6c75f5925e87033d942912871e91753808"
            },
            "dist": {
                "type": "zip",
                "url": "https://api.github.com/repos/cnxzcxy/demo-cxy/zipball/8834ad6c75f5925e87033d942912871e91753808",
                "reference": "8834ad6c75f5925e87033d942912871e91753808",
                "shasum": "",
                "mirrors": [
                    {
                        "url": "https://mirrors.aliyun.com/composer/dists/%package%/%reference%.%type%",
                        "preferred": true
                    }
                ]
            },
            "type": "library",
            "autoload": {
                "psr-4": {
                    "Demo\\": "src/Demo"
                }
            },
            "notification-url": "https://packagist.org/downloads/",
            "license": [
                "MIT"
            ],
            "authors": [
                {
                    "name": "常晓阳",
                    "email": "cnxzcxy@gmail.com"
                }
            ],
            "description": "test",
            "time": "2021-01-22T06:36:19+00:00"
        }
    ],
    "packages-dev": [],
    "aliases": [],
    "minimum-stability": "stable",
    "stability-flags": {
        "cnxzcxy/demo-cxy": 20
    },
    "prefer-stable": false,
    "prefer-lowest": false,
    "platform": [],
    "platform-dev": []
}
